
Microsoft Visual Studio Solution File, Format Version 12.00
# Visual Studio Version 17
VisualStudioVersion = 17.0.32126.317
MinimumVisualStudioVersion = 10.0.40219.1
Project("{8BC9CEB8-8B4A-11D0-8D11-00A0C91BC942}") = "turtle", "turtle.vcxproj", "{ABEFDE1C-A0FA-4ECA-9208-334D52C384E3}"
EndProject
Global
	GlobalSection(SolutionConfigurationPlatforms) = preSolution
		Debug|x64 = Debug|x64
		Debug|x86 = Debug|x86
		Release|x64 = Release|x64
		Release|x86 = Release|x86
	EndGlobalSection
	GlobalSection(ProjectConfigurationPlatforms) = postSolution
		{ABEFDE1C-A0FA-4ECA-9208-334D52C384E3}.Debug|x64.ActiveCfg = Debug|x64
		{ABEFDE1C-A0FA-4ECA-9208-334D52C384E3}.Debug|x64.Build.0 = Debug|x64
		{ABEFDE1C-A0FA-4ECA-9208-334D52C384E3}.Debug|x86.ActiveCfg = Debug|Win32
		{ABEFDE1C-A0FA-4ECA-9208-334D52C384E3}.Debug|x86.Build.0 = Debug|Win32
		{ABEFDE1C-A0FA-4ECA-9208-334D52C384E3}.Release|x64.ActiveCfg = Release|x64
		{ABEFDE1C-A0FA-4ECA-9208-334D52C384E3}.Release|x64.Build.0 = Release|x64
		{ABEFDE1C-A0FA-4ECA-9208-334D52C384E3}.Release|x86.ActiveCfg = Release|Win32
		{ABEFDE1C-A0FA-4ECA-9208-334D52C384E3}.Release|x86.Build.0 = Release|Win32
	EndGlobalSection
	GlobalSection(SolutionProperties) = preSolution
		HideSolutionNode = FALSE
	EndGlobalSection
	GlobalSection(ExtensibilityGlobals) = postSolution
		SolutionGuid = {2532AFF9-E370-4E30-8AEB-2759D4F075E2}
	EndGlobalSection
EndGlobal
